
Microsoft Visual Studio Solution File, Format Version 12.00
# Visual Studio Version 16
VisualStudioVersion = 16.0.30611.23
MinimumVisualStudioVersion = 10.0.40219.1
Project("{FAE04EC0-301F-11D3-BF4B-00C04F79EFBC}") = "Quanlytaisan", "Quanlytaisan.csproj", "{25FD5C9D-77C8-48F4-81C2-D2C7261CC910}"
EndProject
Global
	GlobalSection(SolutionConfigurationPlatforms) = preSolution
		Debug|Any CPU = Debug|Any CPU
		Release|Any CPU = Release|Any CPU
	EndGlobalSection
	GlobalSection(ProjectConfigurationPlatforms) = postSolution
		{25FD5C9D-77C8-48F4-81C2-D2C7261CC910}.Debug|Any CPU.ActiveCfg = Debug|Any CPU
		{25FD5C9D-77C8-48F4-81C2-D2C7261CC910}.Debug|Any CPU.Build.0 = Debug|Any CPU
		{25FD5C9D-77C8-48F4-81C2-D2C7261CC910}.Release|Any CPU.ActiveCfg = Release|Any CPU
		{25FD5C9D-77C8-48F4-81C2-D2C7261CC910}.Release|Any CPU.Build.0 = Release|Any CPU
	EndGlobalSection
	GlobalSection(SolutionProperties) = preSolution
		HideSolutionNode = FALSE
	EndGlobalSection
	GlobalSection(ExtensibilityGlobals) = postSolution
		SolutionGuid = {657E843A-8E0B-4CA6-8885-E1D936B2292C}
	EndGlobalSection
EndGlobal
